
Microsoft Visual Studio Solution File, Format Version 12.00
# Visual Studio 2017
Project("{FAE04EC0-301F-11D3-BF4B-00C04F79EFBC}") = "MemoryMatch-Trial", "MemoryMatch-Trial.csproj", "{22081DA1-9CA6-5BC9-04A3-E1E28C01E4FE}"
EndProject
Global
	GlobalSection(SolutionConfigurationPlatforms) = preSolution
		Debug|Any CPU = Debug|Any CPU
		Release|Any CPU = Release|Any CPU
	EndGlobalSection
	GlobalSection(ProjectConfigurationPlatforms) = postSolution
		{22081DA1-9CA6-5BC9-04A3-E1E28C01E4FE}.Debug|Any CPU.ActiveCfg = Debug|Any CPU
		{22081DA1-9CA6-5BC9-04A3-E1E28C01E4FE}.Debug|Any CPU.Build.0 = Debug|Any CPU
		{22081DA1-9CA6-5BC9-04A3-E1E28C01E4FE}.Release|Any CPU.ActiveCfg = Release|Any CPU
		{22081DA1-9CA6-5BC9-04A3-E1E28C01E4FE}.Release|Any CPU.Build.0 = Release|Any CPU
	EndGlobalSection
	GlobalSection(SolutionProperties) = preSolution
		HideSolutionNode = FALSE
	EndGlobalSection
EndGlobal
